{
  "name": "ares",
  "version": "1.0.0",
  "lockfileVersion": 1,
  "requires": true,
  "dependencies": {
    "@types/accepts": {
      "version": "1.3.4",
      "resolved": "http://registry.npm.taobao.org/@types/accepts/download/@types/accepts-1.3.4.tgz",
      "integrity": "sha1-RnqI+x1bpZSZjurTHAk9d9HL6Z4=",
      "requires": {
        "@types/node": "8.5.1"
      }
    },
    "@types/body-parser": {
      "version": "1.16.8",
      "resolved": "http://registry.npm.taobao.org/@types/body-parser/download/@types/body-parser-1.16.8.tgz",
      "integrity": "sha1-aH7DQUBiSjvsKxqOqSaEeK6PO+M=",
      "requires": {
        "@types/express": "4.0.39",
        "@types/node": "8.5.1"
      }
    },
    "@types/connect": {
      "version": "3.4.31",
      "resolved": "http://registry.npm.taobao.org/@types/connect/download/@types/connect-3.4.31.tgz",
      "integrity": "sha1-H5LWsRfswFB2xJ7NAk95duUoutk=",
      "requires": {
        "@types/node": "8.5.1"
      }
    },
    "@types/cookies": {
      "version": "0.7.1",
      "resolved": "http://registry.npm.taobao.org/@types/cookies/download/@types/cookies-0.7.1.tgz",
      "integrity": "sha1-+fIEvWdn04nuo7h2CeMMCQx3pUA=",
      "requires": {
        "@types/connect": "3.4.31",
        "@types/express": "4.0.39",
        "@types/keygrip": "1.0.1",
        "@types/node": "8.5.1"
      }
    },
    "@types/events": {
      "version": "1.1.0",
      "resolved": "http://registry.npm.taobao.org/@types/events/download/@types/events-1.1.0.tgz",
      "integrity": "sha1-k7G+kfY8GERQOFJyxHtklv0CjgI="
    },
    "@types/express": {
      "version": "4.0.39",
      "resolved": "http://registry.npm.taobao.org/@types/express/download/@types/express-4.0.39.tgz",
      "integrity": "sha1-FEHyHVKzO+jU+oqGXBWmqRzQ+gk=",
      "requires": {
        "@types/body-parser": "1.16.8",
        "@types/express-serve-static-core": "4.0.57",
        "@types/serve-static": "1.13.1"
      }
    },
    "@types/express-serve-static-core": {
      "version": "4.0.57",
      "resolved": "http://registry.npm.taobao.org/@types/express-serve-static-core/download/@types/express-serve-static-core-4.0.57.tgz",
      "integrity": "sha1-PNirSxHV7NcDk7raf8HEgEkVN90=",
      "requires": {
        "@types/node": "8.5.1"
      }
    },
    "@types/http-assert": {
      "version": "1.2.2",
      "resolved": "http://registry.npm.taobao.org/@types/http-assert/download/@types/http-assert-1.2.2.tgz",
      "integrity": "sha1-F9/lqCGEqImJNdlv4urt030i2aQ="
    },
    "@types/keygrip": {
      "version": "1.0.1",
      "resolved": "http://registry.npm.taobao.org/@types/keygrip/download/@types/keygrip-1.0.1.tgz",
      "integrity": "sha1-/1QEYtL7TQqIRBzq8n0oewHD2Hg="
    },
    "@types/koa": {
      "version": "2.0.43",
      "resolved": "http://registry.npm.taobao.org/@types/koa/download/@types/koa-2.0.43.tgz",
      "integrity": "sha1-MxqS2/75PpehPOlZWvfYR0XCmHQ=",
      "requires": {
        "@types/accepts": "1.3.4",
        "@types/cookies": "0.7.1",
        "@types/events": "1.1.0",
        "@types/http-assert": "1.2.2",
        "@types/keygrip": "1.0.1",
        "@types/koa-compose": "3.2.2",
        "@types/node": "8.5.1"
      }
    },
    "@types/koa-compose": {
      "version": "3.2.2",
      "resolved": "http://registry.npm.taobao.org/@types/koa-compose/download/@types/koa-compose-3.2.2.tgz",
      "integrity": "sha1-3BBuAAu/kqOskA91bfRzRIh+6Ec="
    },
    "@types/mime": {
      "version": "2.0.0",
      "resolved": "http://registry.npm.taobao.org/@types/mime/download/@types/mime-2.0.0.tgz",
      "integrity": "sha1-WnMG42fFObn2VDSZ3o3VGfrDeos="
    },
    "@types/node": {
      "version": "8.5.1",
      "resolved": "http://registry.npm.taobao.org/@types/node/download/@types/node-8.5.1.tgz",
      "integrity": "sha1-TsMCC83+Kr/+75uj+/Jvygl1FLU="
    },
    "@types/serve-static": {
      "version": "1.13.1",
      "resolved": "http://registry.npm.taobao.org/@types/serve-static/download/@types/serve-static-1.13.1.tgz",
      "integrity": "sha1-HSgB+mNdJ0zZfU7AfiayG0QSdJI=",
      "requires": {
        "@types/express-serve-static-core": "4.0.57",
        "@types/mime": "2.0.0"
      }
    },
    "@types/strip-bom": {
      "version": "3.0.0",
      "resolved": "http://registry.npm.taobao.org/@types/strip-bom/download/@types/strip-bom-3.0.0.tgz",
      "integrity": "sha1-FKjsOVbC6B7bdSB5CuzyHCkK69I="
    },
    "@types/strip-json-comments": {
      "version": "0.0.30",
      "resolved": "http://registry.npm.taobao.org/@types/strip-json-comments/download/@types/strip-json-comments-0.0.30.tgz",
      "integrity": "sha1-mqMMBNshKpoGSdaub9UKzMQHSKE="
    },
    "accepts": {
      "version": "1.3.4",
      "resolved": "http://registry.npm.taobao.org/accepts/download/accepts-1.3.4.tgz",
      "integrity": "sha1-hiRnWMfdbSGmR0/whKR0DsBesh8=",
      "requires": {
        "mime-types": "2.1.17",
        "negotiator": "0.6.1"
      }
    },
    "ansi-styles": {
      "version": "3.2.0",
      "resolved": "http://registry.npm.taobao.org/ansi-styles/download/ansi-styles-3.2.0.tgz",
      "integrity": "sha1-wVm41b4PnlpvNG2rlPFs4CIWG4g=",
      "requires": {
        "color-convert": "1.9.1"
      }
    },
    "any-promise": {
      "version": "1.3.0",
      "resolved": "http://registry.npm.taobao.org/any-promise/download/any-promise-1.3.0.tgz",
      "integrity": "sha1-q8av7tzqUugJzcA3au0845Y10X8="
    },
    "arrify": {
      "version": "1.0.1",
      "resolved": "http://registry.npm.taobao.org/arrify/download/arrify-1.0.1.tgz",
      "integrity": "sha1-iYUI2iIm84DfkEcoRWhJwVAaSw0="
    },
    "chalk": {
      "version": "2.3.0",
      "resolved": "http://registry.npm.taobao.org/chalk/download/chalk-2.3.0.tgz",
      "integrity": "sha1-tepI78nBeT3MybR2fJORTT8tUro=",
      "requires": {
        "ansi-styles": "3.2.0",
        "escape-string-regexp": "1.0.5",
        "supports-color": "4.5.0"
      }
    },
    "co": {
      "version": "4.6.0",
      "resolved": "http://registry.npm.taobao.org/co/download/co-4.6.0.tgz",
      "integrity": "sha1-bqa989hTrlTMuOR7+gvz+QMfsYQ="
    },
    "color-convert": {
      "version": "1.9.1",
      "resolved": "http://registry.npm.taobao.org/color-convert/download/color-convert-1.9.1.tgz",
      "integrity": "sha1-wSYRB66y8pTr/+ye2eytUppgl+0=",
      "requires": {
        "color-name": "1.1.3"
      }
    },
    "color-name": {
      "version": "1.1.3",
      "resolved": "http://registry.npm.taobao.org/color-name/download/color-name-1.1.3.tgz",
      "integrity": "sha1-p9BVi9icQveV3UIyj3QIMcpTvCU="
    },
    "content-disposition": {
      "version": "0.5.2",
      "resolved": "http://registry.npm.taobao.org/content-disposition/download/content-disposition-0.5.2.tgz",
      "integrity": "sha1-DPaLud318r55YcOoUXjLhdunjLQ="
    },
    "content-type": {
      "version": "1.0.4",
      "resolved": "http://registry.npm.taobao.org/content-type/download/content-type-1.0.4.tgz",
      "integrity": "sha1-4TjMdeBAxyexlm/l5fjJruJW/js="
    },
    "cookies": {
      "version": "0.7.1",
      "resolved": "http://registry.npm.taobao.org/cookies/download/cookies-0.7.1.tgz",
      "integrity": "sha1-fIphX1SBxhq58WyDNzG8uPZjuZs=",
      "requires": {
        "depd": "1.1.1",
        "keygrip": "1.0.2"
      }
    },
    "debug": {
      "version": "3.1.0",
      "resolved": "http://registry.npm.taobao.org/debug/download/debug-3.1.0.tgz",
      "integrity": "sha1-W7WgZyYotkFJVmuhaBnmFRjGcmE=",
      "requires": {
        "ms": "2.0.0"
      }
    },
    "deep-equal": {
      "version": "1.0.1",
      "resolved": "http://registry.npm.taobao.org/deep-equal/download/deep-equal-1.0.1.tgz",
      "integrity": "sha1-9dJgKStmDghO/0zbyfCK0yR0SLU="
    },
    "delegates": {
      "version": "1.0.0",
      "resolved": "http://registry.npm.taobao.org/delegates/download/delegates-1.0.0.tgz",
      "integrity": "sha1-hMbhWbgZBP3KWaDvRM2HDTElD5o="
    },
    "depd": {
      "version": "1.1.1",
      "resolved": "http://registry.npm.taobao.org/depd/download/depd-1.1.1.tgz",
      "integrity": "sha1-V4O04cRZ8G+lyif5kfPQbnoxA1k="
    },
    "destroy": {
      "version": "1.0.4",
      "resolved": "http://registry.npm.taobao.org/destroy/download/destroy-1.0.4.tgz",
      "integrity": "sha1-l4hXRCxEdJ5CBmE+N5RiBYJqvYA="
    },
    "diff": {
      "version": "3.4.0",
      "resolved": "http://registry.npm.taobao.org/diff/download/diff-3.4.0.tgz",
      "integrity": "sha1-sdhVB9rzlkgo3lSzfQ1zumfdpWw="
    },
    "ee-first": {
      "version": "1.1.1",
      "resolved": "http://registry.npm.taobao.org/ee-first/download/ee-first-1.1.1.tgz",
      "integrity": "sha1-WQxhFWsK4vTwJVcyoViyZrxWsh0="
    },
    "error-inject": {
      "version": "1.0.0",
      "resolved": "http://registry.npm.taobao.org/error-inject/download/error-inject-1.0.0.tgz",
      "integrity": "sha1-4rPZG1Su1nLzCdlQ0VSFD6EdTzc="
    },
    "escape-html": {
      "version": "1.0.3",
      "resolved": "http://registry.npm.taobao.org/escape-html/download/escape-html-1.0.3.tgz",
      "integrity": "sha1-Aljq5NPQwJdN4cFpGI7wBR0dGYg="
    },
    "escape-string-regexp": {
      "version": "1.0.5",
      "resolved": "http://registry.npm.taobao.org/escape-string-regexp/download/escape-string-regexp-1.0.5.tgz",
      "integrity": "sha1-G2HAViGQqN/2rjuyzwIAyhMLhtQ="
    },
    "fresh": {
      "version": "0.5.2",
      "resolved": "http://registry.npm.taobao.org/fresh/download/fresh-0.5.2.tgz",
      "integrity": "sha1-PYyt2Q2XZWn6g1qx+OSyOhBWBac="
    },
    "has-flag": {
      "version": "2.0.0",
      "resolved": "http://registry.npm.taobao.org/has-flag/download/has-flag-2.0.0.tgz",
      "integrity": "sha1-6CB68cx7MNRGzHC3NLXovhj4jVE="
    },
    "homedir-polyfill": {
      "version": "1.0.1",
      "resolved": "http://registry.npm.taobao.org/homedir-polyfill/download/homedir-polyfill-1.0.1.tgz",
      "integrity": "sha1-TCu8inWJmP7r9e1oWA921GdotLw=",
      "requires": {
        "parse-passwd": "1.0.0"
      }
    },
    "http-assert": {
      "version": "1.3.0",
      "resolved": "http://registry.npm.taobao.org/http-assert/download/http-assert-1.3.0.tgz",
      "integrity": "sha1-oxpc+IyHPsu1eWkH1NbxMujAHko=",
      "requires": {
        "deep-equal": "1.0.1",
        "http-errors": "1.6.2"
      }
    },
    "http-errors": {
      "version": "1.6.2",
      "resolved": "http://registry.npm.taobao.org/http-errors/download/http-errors-1.6.2.tgz",
      "integrity": "sha1-CgAsyFcHGSp+eUbO7cERVfYOxzY=",
      "requires": {
        "depd": "1.1.1",
        "inherits": "2.0.3",
        "setprototypeof": "1.0.3",
        "statuses": "1.4.0"
      }
    },
    "inherits": {
      "version": "2.0.3",
      "resolved": "http://registry.npm.taobao.org/inherits/download/inherits-2.0.3.tgz",
      "integrity": "sha1-Yzwsg+PaQqUC9SRmAiSA9CCCYd4="
    },
    "is-generator-function": {
      "version": "1.0.6",
      "resolved": "http://registry.npm.taobao.org/is-generator-function/download/is-generator-function-1.0.6.tgz",
      "integrity": "sha1-nnFlPNFf/zQcecQVFGChMdMen8Q="
    },
    "keygrip": {
      "version": "1.0.2",
      "resolved": "http://registry.npm.taobao.org/keygrip/download/keygrip-1.0.2.tgz",
      "integrity": "sha1-rTKXxVcGneqLz+ek+kkbdcXd65E="
    },
    "koa": {
      "version": "2.4.1",
      "resolved": "http://registry.npm.taobao.org/koa/download/koa-2.4.1.tgz",
      "integrity": "sha1-1EnPuXCn6dpXH2me2kC7njLrFIQ=",
      "requires": {
        "accepts": "1.3.4",
        "content-disposition": "0.5.2",
        "content-type": "1.0.4",
        "cookies": "0.7.1",
        "debug": "3.1.0",
        "delegates": "1.0.0",
        "depd": "1.1.1",
        "destroy": "1.0.4",
        "error-inject": "1.0.0",
        "escape-html": "1.0.3",
        "fresh": "0.5.2",
        "http-assert": "1.3.0",
        "http-errors": "1.6.2",
        "is-generator-function": "1.0.6",
        "koa-compose": "4.0.0",
        "koa-convert": "1.2.0",
        "koa-is-json": "1.0.0",
        "mime-types": "2.1.17",
        "on-finished": "2.3.0",
        "only": "0.0.2",
        "parseurl": "1.3.2",
        "statuses": "1.4.0",
        "type-is": "1.6.15",
        "vary": "1.1.2"
      }
    },
    "koa-compose": {
      "version": "4.0.0",
      "resolved": "http://registry.npm.taobao.org/koa-compose/download/koa-compose-4.0.0.tgz",
      "integrity": "sha1-KAClE9nDYe8NY4UrA45Pby1adzw="
    },
    "koa-convert": {
      "version": "1.2.0",
      "resolved": "http://registry.npm.taobao.org/koa-convert/download/koa-convert-1.2.0.tgz",
      "integrity": "sha1-2kCHXfSd4FOQmNFwC1CCDOvNIdA=",
      "requires": {
        "co": "4.6.0",
        "koa-compose": "3.2.1"
      },
      "dependencies": {
        "koa-compose": {
          "version": "3.2.1",
          "resolved": "http://registry.npm.taobao.org/koa-compose/download/koa-compose-3.2.1.tgz",
          "integrity": "sha1-qFzLQLfZhtjlo0Wzoazo6rz1Tec=",
          "requires": {
            "any-promise": "1.3.0"
          }
        }
      }
    },
    "koa-is-json": {
      "version": "1.0.0",
      "resolved": "http://registry.npm.taobao.org/koa-is-json/download/koa-is-json-1.0.0.tgz",
      "integrity": "sha1-JzwH7c3Ljfaiwat9We52SRRR7BQ="
    },
    "make-error": {
      "version": "1.3.0",
      "resolved": "http://registry.npm.taobao.org/make-error/download/make-error-1.3.0.tgz",
      "integrity": "sha1-Uq06M5zPEM5itAQLcI/nByRLi5Y="
    },
    "media-typer": {
      "version": "0.3.0",
      "resolved": "http://registry.npm.taobao.org/media-typer/download/media-typer-0.3.0.tgz",
      "integrity": "sha1-hxDXrwqmJvj/+hzgAWhUUmMlV0g="
    },
    "mime-db": {
      "version": "1.30.0",
      "resolved": "http://registry.npm.taobao.org/mime-db/download/mime-db-1.30.0.tgz",
      "integrity": "sha1-dMZD2i3Z1qRTmZY0ZbJtXKfXHwE="
    },
    "mime-types": {
      "version": "2.1.17",
      "resolved": "http://registry.npm.taobao.org/mime-types/download/mime-types-2.1.17.tgz",
      "integrity": "sha1-Cdejk/A+mVp5+K+Fe3Cp4KsWVXo=",
      "requires": {
        "mime-db": "1.30.0"
      }
    },
    "minimist": {
      "version": "1.2.0",
      "resolved": "http://registry.npm.taobao.org/minimist/download/minimist-1.2.0.tgz",
      "integrity": "sha1-o1AIsg9BOD7sH7kU9M1d95omQoQ="
    },
    "mkdirp": {
      "version": "0.5.1",
      "resolved": "http://registry.npm.taobao.org/mkdirp/download/mkdirp-0.5.1.tgz",
      "integrity": "sha1-MAV0OOrGz3+MR2fzhkjWaX11yQM=",
      "requires": {
        "minimist": "0.0.8"
      },
      "dependencies": {
        "minimist": {
          "version": "0.0.8",
          "resolved": "http://registry.npm.taobao.org/minimist/download/minimist-0.0.8.tgz",
          "integrity": "sha1-hX/Kv8M5fSYluCKCYuhqp6ARsF0="
        }
      }
    },
    "ms": {
      "version": "2.0.0",
      "resolved": "http://registry.npm.taobao.org/ms/download/ms-2.0.0.tgz",
      "integrity": "sha1-VgiurfwAvmwpAd9fmGF4jeDVl8g="
    },
    "negotiator": {
      "version": "0.6.1",
      "resolved": "http://registry.npm.taobao.org/negotiator/download/negotiator-0.6.1.tgz",
      "integrity": "sha1-KzJxhOiZIQEXeyhWP7XnECrNDKk="
    },
    "on-finished": {
      "version": "2.3.0",
      "resolved": "http://registry.npm.taobao.org/on-finished/download/on-finished-2.3.0.tgz",
      "integrity": "sha1-IPEzZIGwg811M3mSoWlxqi2QaUc=",
      "requires": {
        "ee-first": "1.1.1"
      }
    },
    "only": {
      "version": "0.0.2",
      "resolved": "http://registry.npm.taobao.org/only/download/only-0.0.2.tgz",
      "integrity": "sha1-Kv3oTQPlC5qO3EROMGEKcCle37Q="
    },
    "parse-passwd": {
      "version": "1.0.0",
      "resolved": "http://registry.npm.taobao.org/parse-passwd/download/parse-passwd-1.0.0.tgz",
      "integrity": "sha1-bVuTSkVpk7I9N/QKOC1vFmao5cY="
    },
    "parseurl": {
      "version": "1.3.2",
      "resolved": "http://registry.npm.taobao.org/parseurl/download/parseurl-1.3.2.tgz",
      "integrity": "sha1-/CidTtiZMRlGDBViUyYs3I3mW/M="
    },
    "setprototypeof": {
      "version": "1.0.3",
      "resolved": "http://registry.npm.taobao.org/setprototypeof/download/setprototypeof-1.0.3.tgz",
      "integrity": "sha1-ZlZ+NwQ+608E2RvWWMDL77VbjgQ="
    },
    "source-map": {
      "version": "0.6.1",
      "resolved": "http://registry.npm.taobao.org/source-map/download/source-map-0.6.1.tgz",
      "integrity": "sha1-dHIq8y6WFOnCh6jQu95IteLxomM="
    },
    "source-map-support": {
      "version": "0.5.0",
      "resolved": "http://registry.npm.taobao.org/source-map-support/download/source-map-support-0.5.0.tgz",
      "integrity": "sha1-IBinrSvfj68mkeX92rJr7VorrKs=",
      "requires": {
        "source-map": "0.6.1"
      }
    },
    "statuses": {
      "version": "1.4.0",
      "resolved": "http://registry.npm.taobao.org/statuses/download/statuses-1.4.0.tgz",
      "integrity": "sha1-u3PURtonlhBu/MG2AaJT1sRr0Ic="
    },
    "strip-bom": {
      "version": "3.0.0",
      "resolved": "http://registry.npm.taobao.org/strip-bom/download/strip-bom-3.0.0.tgz",
      "integrity": "sha1-IzTBjpx1n3vdVv3vfprj1YjmjtM="
    },
    "strip-json-comments": {
      "version": "2.0.1",
      "resolved": "http://registry.npm.taobao.org/strip-json-comments/download/strip-json-comments-2.0.1.tgz",
      "integrity": "sha1-PFMZQukIwml8DsNEhYwobHygpgo="
    },
    "supports-color": {
      "version": "4.5.0",
      "resolved": "http://registry.npm.taobao.org/supports-color/download/supports-color-4.5.0.tgz",
      "integrity": "sha1-vnoN5ITexcXN34s9WRJQRJEvY1s=",
      "requires": {
        "has-flag": "2.0.0"
      }
    },
    "ts-node": {
      "version": "4.0.2",
      "resolved": "http://registry.npm.taobao.org/ts-node/download/ts-node-4.0.2.tgz",
      "integrity": "sha1-yz0Dm5iY/cea0Jq35pyEVkyMQe4=",
      "requires": {
        "arrify": "1.0.1",
        "chalk": "2.3.0",
        "diff": "3.4.0",
        "make-error": "1.3.0",
        "minimist": "1.2.0",
        "mkdirp": "0.5.1",
        "source-map-support": "0.5.0",
        "tsconfig": "7.0.0",
        "v8flags": "3.0.1",
        "yn": "2.0.0"
      }
    },
    "tsconfig": {
      "version": "7.0.0",
      "resolved": "http://registry.npm.taobao.org/tsconfig/download/tsconfig-7.0.0.tgz",
      "integrity": "sha1-hFOIdaTcIW5cSlQys6Tew9VOkbc=",
      "requires": {
        "@types/strip-bom": "3.0.0",
        "@types/strip-json-comments": "0.0.30",
        "strip-bom": "3.0.0",
        "strip-json-comments": "2.0.1"
      }
    },
    "type-is": {
      "version": "1.6.15",
      "resolved": "http://registry.npm.taobao.org/type-is/download/type-is-1.6.15.tgz",
      "integrity": "sha1-yrEPtJCeRByChC6v4a1kbIGARBA=",
      "requires": {
        "media-typer": "0.3.0",
        "mime-types": "2.1.17"
      }
    },
    "typescript": {
      "version": "2.6.2",
      "resolved": "http://registry.npm.taobao.org/typescript/download/typescript-2.6.2.tgz",
      "integrity": "sha1-PFtv1/beCRQmkCfwPAlGdY92c6Q="
    },
    "v8flags": {
      "version": "3.0.1",
      "resolved": "http://registry.npm.taobao.org/v8flags/download/v8flags-3.0.1.tgz",
      "integrity": "sha1-3Oj8N5wX2fLJ6e142JzgAFKxt2s=",
      "requires": {
        "homedir-polyfill": "1.0.1"
      }
    },
    "vary": {
      "version": "1.1.2",
      "resolved": "http://registry.npm.taobao.org/vary/download/vary-1.1.2.tgz",
      "integrity": "sha1-IpnwLG3tMNSllhsLn3RSShj2NPw="
    },
    "yn": {
      "version": "2.0.0",
      "resolved": "http://registry.npm.taobao.org/yn/download/yn-2.0.0.tgz",
      "integrity": "sha1-5a2ryKz0CPY4X8dklWhMiOavaJo="
    }
  }
}
